// !$*UTF8*$!
{
	archiveVersion = 1;
	classes = {
	};
	objectVersion = 77;
	objects = {

/* Begin PBXContainerItemProxy section */
		76B6A2AD2FBCCF7D00301E4D /* PBXContainerItemProxy */ = {
			isa = PBXContainerItemProxy;
			containerPortal = 76B6A2892FBCCF7B00301E4D /* Project object */;
			proxyType = 1;
			remoteGlobalIDString = 76B6A2902FBCCF7B00301E4D;
			remoteInfo = Exercicio2;
		};
		76B6A2B72FBCCF7D00301E4D /* PBXContainerItemProxy */ = {
			isa = PBXContainerItemProxy;
			containerPortal = 76B6A2892FBCCF7B00301E4D /* Project object */;
			proxyType = 1;
			remoteGlobalIDString = 76B6A2902FBCCF7B00301E4D;
			remoteInfo = Exercicio2;
		};
/* End PBXContainerItemProxy section */

/* Begin PBXFileReference section */
		76B6A2912FBCCF7B00301E4D /* Exercicio2.app */ = {isa = PBXFileReference; explicitFileType = wrapper.application; includeInIndex = 0; path = Exercicio2.app; sourceTree = BUILT_PRODUCTS_DIR; };
		76B6A2AC2FBCCF7D00301E4D /* Exercicio2Tests.xctest */ = {isa = PBXFileReference; explicitFileType = wrapper.cfbundle; includeInIndex = 0; path = Exercicio2Tests.xctest; sourceTree = BUILT_PRODUCTS_DIR; };
		76B6A2B62FBCCF7D00301E4D /* Exercicio2UITests.xctest */ = {isa = PBXFileReference; explicitFileType = wrapper.cfbundle; includeInIndex = 0; path = Exercicio2UITests.xctest; sourceTree = BUILT_PRODUCTS_DIR; };
/* End PBXFileReference section */

/* Begin PBXFileSystemSynchronizedBuildFileExceptionSet section */
		76B6A2BE2FBCCF7D00301E4D /* Exceptions for "Exercicio2" folder in "Exercicio2" target */ = {
			isa = PBXFileSystemSynchronizedBuildFileExceptionSet;
			membershipExceptions = (
				Info.plist,
			);
			target = 76B6A2902FBCCF7B00301E4D /* Exercicio2 */;
		};
/* End PBXFileSystemSynchronizedBuildFileExceptionSet section */

/* Begin PBXFileSystemSynchronizedRootGroup section */
		76B6A2932FBCCF7B00301E4D /* Exercicio2 */ = {
			isa = PBXFileSystemSynchronizedRootGroup;
			exceptions = (
				76B6A2BE2FBCCF7D00301E4D /* Exceptions for "Exercicio2" folder in "Exercicio2" target */,
			);
			path = Exercicio2;
			sourceTree = "<group>";
		};
		76B6A2AF2FBCCF7D00301E4D /* Exercicio2Tests */ = {
			isa = PBXFileSystemSynchronizedRootGroup;
			path = Exercicio2Tests;
			sourceTree = "<group>";
		};
		76B6A2B92FBCCF7D00301E4D /* Exercicio2UITests */ = {
			isa = PBXFileSystemSynchronizedRootGroup;
			path = Exercicio2UITests;
			sourceTree = "<group>";
		};
/* End PBXFileSystemSynchronizedRootGroup section */

/* Begin PBXFrameworksBuildPhase section */
		76B6A28E2FBCCF7B00301E4D /* Frameworks */ = {
			isa = PBXFrameworksBuildPhase;
			buildActionMask = 2147483647;
			files = (
			);
			runOnlyForDeploymentPostprocessing = 0;
		};
		76B6A2A92FBCCF7D00301E4D /* Frameworks */ = {
			isa = PBXFrameworksBuildPhase;
			buildActionMask = 2147483647;
			files = (
			);
			runOnlyForDeploymentPostprocessing = 0;
		};
		76B6A2B32FBCCF7D00301E4D /* Frameworks */ = {
			isa = PBXFrameworksBuildPhase;
			buildActionMask = 2147483647;
			files = (
			);
			runOnlyForDeploymentPostprocessing = 0;
		};
/* End PBXFrameworksBuildPhase section */

/* Begin PBXGroup section */
		76B6A2882FBCCF7B00301E4D = {
			isa = PBXGroup;
			children = (
				76B6A2932FBCCF7B00301E4D /* Exercicio2 */,
				76B6A2AF2FBCCF7D00301E4D /* Exercicio2Tests */,
				76B6A2B92FBCCF7D00301E4D /* Exercicio2UITests */,
				76B6A2922FBCCF7B00301E4D /* Products */,
			);
			sourceTree = "<group>";
		};
		76B6A2922FBCCF7B00301E4D /* Products */ = {
			isa = PBXGroup;
			children = (
				76B6A2912FBCCF7B00301E4D /* Exercicio2.app */,
				76B6A2AC2FBCCF7D00301E4D /* Exercicio2Tests.xctest */,
				76B6A2B62FBCCF7D00301E4D /* Exercicio2UITests.xctest */,
			);
			name = Products;
			sourceTree = "<group>";
		};
/* End PBXGroup section */

/* Begin PBXNativeTarget section */
		76B6A2902FBCCF7B00301E4D /* Exercicio2 */ = {
			isa = PBXNativeTarget;
			buildConfigurationList = 76B6A2BF2FBCCF7D00301E4D /* Build configuration list for PBXNativeTarget "Exercicio2" */;
			buildPhases = (
				76B6A28D2FBCCF7B00301E4D /* Sources */,
				76B6A28E2FBCCF7B00301E4D /* Frameworks */,
				76B6A28F2FBCCF7B00301E4D /* Resources */,
			);
			buildRules = (
			);
			dependencies = (
			);
			fileSystemSynchronizedGroups = (
				76B6A2932FBCCF7B00301E4D /* Exercicio2 */,
			);
			name = Exercicio2;
			packageProductDependencies = (
			);
			productName = Exercicio2;
			productReference = 76B6A2912FBCCF7B00301E4D /* Exercicio2.app */;
			productType = "com.apple.product-type.application";
		};
		76B6A2AB2FBCCF7D00301E4D /* Exercicio2Tests */ = {
			isa = PBXNativeTarget;
			buildConfigurationList = 76B6A2C42FBCCF7D00301E4D /* Build configuration list for PBXNativeTarget "Exercicio2Tests" */;
			buildPhases = (
				76B6A2A82FBCCF7D00301E4D /* Sources */,
				76B6A2A92FBCCF7D00301E4D /* Frameworks */,
				76B6A2AA2FBCCF7D00301E4D /* Resources */,
			);
			buildRules = (
			);
			dependencies = (
				76B6A2AE2FBCCF7D00301E4D /* PBXTargetDependency */,
			);
			fileSystemSynchronizedGroups = (
				76B6A2AF2FBCCF7D00301E4D /* Exercicio2Tests */,
			);
			name = Exercicio2Tests;
			packageProductDependencies = (
			);
			productName = Exercicio2Tests;
			productReference = 76B6A2AC2FBCCF7D00301E4D /* Exercicio2Tests.xctest */;
			productType = "com.apple.product-type.bundle.unit-test";
		};
		76B6A2B52FBCCF7D00301E4D /* Exercicio2UITests */ = {
			isa = PBXNativeTarget;
			buildConfigurationList = 76B6A2C72FBCCF7D00301E4D /* Build configuration list for PBXNativeTarget "Exercicio2UITests" */;
			buildPhases = (
				76B6A2B22FBCCF7D00301E4D /* Sources */,
				76B6A2B32FBCCF7D00301E4D /* Frameworks */,
				76B6A2B42FBCCF7D00301E4D /* Resources */,
			);
			buildRules = (
			);
			dependencies = (
				76B6A2B82FBCCF7D00301E4D /* PBXTargetDependency */,
			);
			fileSystemSynchronizedGroups = (
				76B6A2B92FBCCF7D00301E4D /* Exercicio2UITests */,
			);
			name = Exercicio2UITests;
			packageProductDependencies = (
			);
			productName = Exercicio2UITests;
			productReference = 76B6A2B62FBCCF7D00301E4D /* Exercicio2UITests.xctest */;
			productType = "com.apple.product-type.bundle.ui-testing";
		};
/* End PBXNativeTarget section */

/* Begin PBXProject section */
		76B6A2892FBCCF7B00301E4D /* Project object */ = {
			isa = PBXProject;
			attributes = {
				BuildIndependentTargetsInParallel = 1;
				LastUpgradeCheck = 1620;
				TargetAttributes = {
					76B6A2902FBCCF7B00301E4D = {
						CreatedOnToolsVersion = 16.2;
					};
					76B6A2AB2FBCCF7D00301E4D = {
						CreatedOnToolsVersion = 16.2;
						TestTargetID = 76B6A2902FBCCF7B00301E4D;
					};
					76B6A2B52FBCCF7D00301E4D = {
						CreatedOnToolsVersion = 16.2;
						TestTargetID = 76B6A2902FBCCF7B00301E4D;
					};
				};
			};
			buildConfigurationList = 76B6A28C2FBCCF7B00301E4D /* Build configuration list for PBXProject "Exercicio2" */;
			developmentRegion = en;
			hasScannedForEncodings = 0;
			knownRegions = (
				en,
				Base,
			);
			mainGroup = 76B6A2882FBCCF7B00301E4D;
			minimizedProjectReferenceProxies = 1;
			preferredProjectObjectVersion = 77;
			productRefGroup = 76B6A2922FBCCF7B00301E4D /* Products */;
			projectDirPath = "";
			projectRoot = "";
			targets = (
				76B6A2902FBCCF7B00301E4D /* Exercicio2 */,
				76B6A2AB2FBCCF7D00301E4D /* Exercicio2Tests */,
				76B6A2B52FBCCF7D00301E4D /* Exercicio2UITests */,
			);
		};
/* End PBXProject section */

/* Begin PBXResourcesBuildPhase section */
		76B6A28F2FBCCF7B00301E4D /* Resources */ = {
			isa = PBXResourcesBuildPhase;
			buildActionMask = 2147483647;
			files = (
			);
			runOnlyForDeploymentPostprocessing = 0;
		};
		76B6A2AA2FBCCF7D00301E4D /* Resources */ = {
			isa = PBXResourcesBuildPhase;
			buildActionMask = 2147483647;
			files = (
			);
			runOnlyForDeploymentPostprocessing = 0;
		};
		76B6A2B42FBCCF7D00301E4D /* Resources */ = {
			isa = PBXResourcesBuildPhase;
			buildActionMask = 2147483647;
			files = (
			);
			runOnlyForDeploymentPostprocessing = 0;
		};
/* End PBXResourcesBuildPhase section */

/* Begin PBXSourcesBuildPhase section */
		76B6A28D2FBCCF7B00301E4D /* Sources */ = {
			isa = PBXSourcesBuildPhase;
			buildActionMask = 2147483647;
			files = (
			);
			runOnlyForDeploymentPostprocessing = 0;
		};
		76B6A2A82FBCCF7D00301E4D /* Sources */ = {
			isa = PBXSourcesBuildPhase;
			buildActionMask = 2147483647;
			files = (
			);
			runOnlyForDeploymentPostprocessing = 0;
		};
		76B6A2B22FBCCF7D00301E4D /* Sources */ = {
			isa = PBXSourcesBuildPhase;
			buildActionMask = 2147483647;
			files = (
			);
			runOnlyForDeploymentPostprocessing = 0;
		};
/* End PBXSourcesBuildPhase section */

/* Begin PBXTargetDependency section */
		76B6A2AE2FBCCF7D00301E4D /* PBXTargetDependency */ = {
			isa = PBXTargetDependency;
			target = 76B6A2902FBCCF7B00301E4D /* Exercicio2 */;
			targetProxy = 76B6A2AD2FBCCF7D00301E4D /* PBXContainerItemProxy */;
		};
		76B6A2B82FBCCF7D00301E4D /* PBXTargetDependency */ = {
			isa = PBXTargetDependency;
			target = 76B6A2902FBCCF7B00301E4D /* Exercicio2 */;
			targetProxy = 76B6A2B72FBCCF7D00301E4D /* PBXContainerItemProxy */;
		};
/* End PBXTargetDependency section */

/* Begin XCBuildConfiguration section */
		76B6A2C02FBCCF7D00301E4D /* Debug */ = {
			isa = XCBuildConfiguration;
			buildSettings = {
				ASSETCATALOG_COMPILER_APPICON_NAME = AppIcon;
				ASSETCATALOG_COMPILER_GLOBAL_ACCENT_COLOR_NAME = AccentColor;
				CODE_SIGN_STYLE = Automatic;
				CURRENT_PROJECT_VERSION = 1;
				GENERATE_INFOPLIST_FILE = YES;
				INFOPLIST_FILE = Exercicio2/Info.plist;
				INFOPLIST_KEY_UIApplicationSupportsIndirectInputEvents = YES;
				INFOPLIST_KEY_UILaunchStoryboardName = LaunchScreen;
				INFOPLIST_KEY_UIMainStoryboardFile = Main;
				INFOPLIST_KEY_UISupportedInterfaceOrientations_iPad = "UIInterfaceOrientationPortrait UIInterfaceOrientationPortraitUpsideDown UIInterfaceOrientationLandscapeLeft UIInterfaceOrientationLandscapeRight";
				INFOPLIST_KEY_UISupportedInterfaceOrientations_iPhone = "UIInterfaceOrientationPortrait UIInterfaceOrientationLandscapeLeft UIInterfaceOrientationLandscapeRight";
				LD_RUNPATH_SEARCH_PATHS = (
					"$(inherited)",
					"@executable_path/Frameworks",
				);
				MARKETING_VERSION = 1.0;
				PRODUCT_BUNDLE_IDENTIFIER = lucas.com.Exercicio2;
				PRODUCT_NAME = "$(TARGET_NAME)";
				SWIFT_EMIT_LOC_STRINGS = YES;
				TARGETED_DEVICE_FAMILY = "1,2";
			};
			name = Debug;
		};
		76B6A2C12FBCCF7D00301E4D /* Release */ = {
			isa = XCBuildConfiguration;
			buildSettings = {
				ASSETCATALOG_COMPILER_APPICON_NAME = AppIcon;
				ASSETCATALOG_COMPILER_GLOBAL_ACCENT_COLOR_NAME = AccentColor;
				CODE_SIGN_STYLE = Automatic;
				CURRENT_PROJECT_VERSION = 1;
				GENERATE_INFOPLIST_FILE = YES;
				INFOPLIST_FILE = Exercicio2/Info.plist;
				INFOPLIST_KEY_UIApplicationSupportsIndirectInputEvents = YES;
				INFOPLIST_KEY_UILaunchStoryboardName = LaunchScreen;
				INFOPLIST_KEY_UIMainStoryboardFile = Main;
				INFOPLIST_KEY_UISupportedInterfaceOrientations_iPad = "UIInterfaceOrientationPortrait UIInterfaceOrientationPortraitUpsideDown UIInterfaceOrientationLandscapeLeft UIInterfaceOrientationLandscapeRight";
				INFOPLIST_KEY_UISupportedInterfaceOrientations_iPhone = "UIInterfaceOrientationPortrait UIInterfaceOrientationLandscapeLeft UIInterfaceOrientationLandscapeRight";
				LD_RUNPATH_SEARCH_PATHS = (
					"$(inherited)",
					"@executable_path/Frameworks",
				);
				MARKETING_VERSION = 1.0;
				PRODUCT_BUNDLE_IDENTIFIER = lucas.com.Exercicio2;
				PRODUCT_NAME = "$(TARGET_NAME)";
				SWIFT_EMIT_LOC_STRINGS = YES;
				TARGETED_DEVICE_FAMILY = "1,2";
			};
			name = Release;
		};
		76B6A2C22FBCCF7D00301E4D /* Debug */ = {
			isa = XCBuildConfiguration;
			buildSettings = {
				ALWAYS_SEARCH_USER_PATHS = NO;
				ASSETCATALOG_COMPILER_GENERATE_SWIFT_ASSET_SYMBOL_EXTENSIONS = YES;
				CLANG_ANALYZER_NONNULL = YES;
				CLANG_ANALYZER_NUMBER_OBJECT_CONVERSION = YES_AGGRESSIVE;
				CLANG_CXX_LANGUAGE_STANDARD = "gnu++20";
				CLANG_ENABLE_MODULES = YES;
				CLANG_ENABLE_OBJC_ARC = YES;
				CLANG_ENABLE_OBJC_WEAK = YES;
				CLANG_WARN_BLOCK_CAPTURE_AUTORELEASING = YES;
				CLANG_WARN_BOOL_CONVERSION = YES;
				CLANG_WARN_COMMA = YES;
				CLANG_WARN_CONSTANT_CONVERSION = YES;
				CLANG_WARN_DEPRECATED_OBJC_IMPLEMENTATIONS = YES;
				CLANG_WARN_DIRECT_OBJC_ISA_USAGE = YES_ERROR;
				CLANG_WARN_DOCUMENTATION_COMMENTS = YES;
				CLANG_WARN_EMPTY_BODY = YES;
				CLANG_WARN_ENUM_CONVERSION = YES;
				CLANG_WARN_INFINITE_RECURSION = YES;
				CLANG_WARN_INT_CONVERSION = YES;
				CLANG_WARN_NON_LITERAL_NULL_CONVERSION = YES;
				CLANG_WARN_OBJC_IMPLICIT_RETAIN_SELF = YES;
				CLANG_WARN_OBJC_LITERAL_CONVERSION = YES;
				CLANG_WARN_OBJC_ROOT_CLASS = YES_ERROR;
				CLANG_WARN_QUOTED_INCLUDE_IN_FRAMEWORK_HEADER = YES;
				CLANG_WARN_RANGE_LOOP_ANALYSIS = YES;
				CLANG_WARN_STRICT_PROTOTYPES = YES;
				CLANG_WARN_SUSPICIOUS_MOVE = YES;
				CLANG_WARN_UNGUARDED_AVAILABILITY = YES_AGGRESSIVE;
				CLANG_WARN_UNREACHABLE_CODE = YES;
				CLANG_WARN__DUPLICATE_METHOD_MATCH = YES;
				COPY_PHASE_STRIP = NO;
				DEBUG_INFORMATION_FORMAT = dwarf;
				ENABLE_STRICT_OBJC_MSGSEND = YES;
				ENABLE_TESTABILITY = YES;
				ENABLE_USER_SCRIPT_SANDBOXING = YES;
				GCC_C_LANGUAGE_STANDARD = gnu17;
				GCC_DYNAMIC_NO_PIC = NO;
				GCC_NO_COMMON_BLOCKS = YES;
				GCC_OPTIMIZATION_LEVEL = 0;
				GCC_PREPROCESSOR_DEFINITIONS = (
					"DEBUG=1",
					"$(inherited)",
				);
				GCC_WARN_64_TO_32_BIT_CONVERSION = YES;
				GCC_WARN_ABOUT_RETURN_TYPE = YES_ERROR;
				GCC_WARN_UNDECLARED_SELECTOR = YES;
				GCC_WARN_UNINITIALIZED_AUTOS = YES_AGGRESSIVE;
				GCC_WARN_UNUSED_FUNCTION = YES;
				GCC_WARN_UNUSED_VARIABLE = YES;
				IPHONEOS_DEPLOYMENT_TARGET = 18.2;
				LOCALIZATION_PREFERS_STRING_CATALOGS = YES;
				MTL_ENABLE_DEBUG_INFO = INCLUDE_SOURCE;
				MTL_FAST_MATH = YES;
				ONLY_ACTIVE_ARCH = YES;
				SDKROOT = iphoneos;
			};
			name = Debug;
		};
		76B6A2C32FBCCF7D00301E4D /* Release */ = {
			isa = XCBuildConfiguration;
			buildSettings = {
				ALWAYS_SEARCH_USER_PATHS = NO;
				ASSETCATALOG_COMPILER_GENERATE_SWIFT_ASSET_SYMBOL_EXTENSIONS = YES;
				CLANG_ANALYZER_NONNULL = YES;
				CLANG_ANALYZER_NUMBER_OBJECT_CONVERSION = YES_AGGRESSIVE;
				CLANG_CXX_LANGUAGE_STANDARD = "gnu++20";
				CLANG_ENABLE_MODULES = YES;
				CLANG_ENABLE_OBJC_ARC = YES;
				CLANG_ENABLE_OBJC_WEAK = YES;
				CLANG_WARN_BLOCK_CAPTURE_AUTORELEASING = YES;
				CLANG_WARN_BOOL_CONVERSION = YES;
				CLANG_WARN_COMMA = YES;
				CLANG_WARN_CONSTANT_CONVERSION = YES;
				CLANG_WARN_DEPRECATED_OBJC_IMPLEMENTATIONS = YES;
				CLANG_WARN_DIRECT_OBJC_ISA_USAGE = YES_ERROR;
				CLANG_WARN_DOCUMENTATION_COMMENTS = YES;
				CLANG_WARN_EMPTY_BODY = YES;
				CLANG_WARN_ENUM_CONVERSION = YES;
				CLANG_WARN_INFINITE_RECURSION = YES;
				CLANG_WARN_INT_CONVERSION = YES;
				CLANG_WARN_NON_LITERAL_NULL_CONVERSION = YES;
				CLANG_WARN_OBJC_IMPLICIT_RETAIN_SELF = YES;
				CLANG_WARN_OBJC_LITERAL_CONVERSION = YES;
				CLANG_WARN_OBJC_ROOT_CLASS = YES_ERROR;
				CLANG_WARN_QUOTED_INCLUDE_IN_FRAMEWORK_HEADER = YES;
				CLANG_WARN_RANGE_LOOP_ANALYSIS = YES;
				CLANG_WARN_STRICT_PROTOTYPES = YES;
				CLANG_WARN_SUSPICIOUS_MOVE = YES;
				CLANG_WARN_UNGUARDED_AVAILABILITY = YES_AGGRESSIVE;
				CLANG_WARN_UNREACHABLE_CODE = YES;
				CLANG_WARN__DUPLICATE_METHOD_MATCH = YES;
				COPY_PHASE_STRIP = NO;
				DEBUG_INFORMATION_FORMAT = "dwarf-with-dsym";
				ENABLE_NS_ASSERTIONS = NO;
				ENABLE_STRICT_OBJC_MSGSEND = YES;
				ENABLE_USER_SCRIPT_SANDBOXING = YES;
				GCC_C_LANGUAGE_STANDARD = gnu17;
				GCC_NO_COMMON_BLOCKS = YES;
				GCC_WARN_64_TO_32_BIT_CONVERSION = YES;
				GCC_WARN_ABOUT_RETURN_TYPE = YES_ERROR;
				GCC_WARN_UNDECLARED_SELECTOR = YES;
				GCC_WARN_UNINITIALIZED_AUTOS = YES_AGGRESSIVE;
				GCC_WARN_UNUSED_FUNCTION = YES;
				GCC_WARN_UNUSED_VARIABLE = YES;
				IPHONEOS_DEPLOYMENT_TARGET = 18.2;
				LOCALIZATION_PREFERS_STRING_CATALOGS = YES;
				MTL_ENABLE_DEBUG_INFO = NO;
				MTL_FAST_MATH = YES;
				SDKROOT = iphoneos;
				VALIDATE_PRODUCT = YES;
			};
			name = Release;
		};
		76B6A2C52FBCCF7D00301E4D /* Debug */ = {
			isa = XCBuildConfiguration;
			buildSettings = {
				BUNDLE_LOADER = "$(TEST_HOST)";
				CODE_SIGN_STYLE = Automatic;
				CURRENT_PROJECT_VERSION = 1;
				GENERATE_INFOPLIST_FILE = YES;
				IPHONEOS_DEPLOYMENT_TARGET = 18.2;
				MARKETING_VERSION = 1.0;
				PRODUCT_BUNDLE_IDENTIFIER = lucas.com.Exercicio2Tests;
				PRODUCT_NAME = "$(TARGET_NAME)";
				SWIFT_EMIT_LOC_STRINGS = NO;
				TARGETED_DEVICE_FAMILY = "1,2";
				TEST_HOST = "$(BUILT_PRODUCTS_DIR)/Exercicio2.app/$(BUNDLE_EXECUTABLE_FOLDER_PATH)/Exercicio2";
			};
			name = Debug;
		};
		76B6A2C62FBCCF7D00301E4D /* Release */ = {
			isa = XCBuildConfiguration;
			buildSettings = {
				BUNDLE_LOADER = "$(TEST_HOST)";
				CODE_SIGN_STYLE = Automatic;
				CURRENT_PROJECT_VERSION = 1;
				GENERATE_INFOPLIST_FILE = YES;
				IPHONEOS_DEPLOYMENT_TARGET = 18.2;
				MARKETING_VERSION = 1.0;
				PRODUCT_BUNDLE_IDENTIFIER = lucas.com.Exercicio2Tests;
				PRODUCT_NAME = "$(TARGET_NAME)";
				SWIFT_EMIT_LOC_STRINGS = NO;
				TARGETED_DEVICE_FAMILY = "1,2";
				TEST_HOST = "$(BUILT_PRODUCTS_DIR)/Exercicio2.app/$(BUNDLE_EXECUTABLE_FOLDER_PATH)/Exercicio2";
			};
			name = Release;
		};
		76B6A2C82FBCCF7D00301E4D /* Debug */ = {
			isa = XCBuildConfiguration;
			buildSettings = {
				CODE_SIGN_STYLE = Automatic;
				CURRENT_PROJECT_VERSION = 1;
				GENERATE_INFOPLIST_FILE = YES;
				MARKETING_VERSION = 1.0;
				PRODUCT_BUNDLE_IDENTIFIER = lucas.com.Exercicio2UITests;
				PRODUCT_NAME = "$(TARGET_NAME)";
				SWIFT_EMIT_LOC_STRINGS = NO;
				TARGETED_DEVICE_FAMILY = "1,2";
				TEST_TARGET_NAME = Exercicio2;
			};
			name = Debug;
		};
		76B6A2C92FBCCF7D00301E4D /* Release */ = {
			isa = XCBuildConfiguration;
			buildSettings = {
				CODE_SIGN_STYLE = Automatic;
				CURRENT_PROJECT_VERSION = 1;
				GENERATE_INFOPLIST_FILE = YES;
				MARKETING_VERSION = 1.0;
				PRODUCT_BUNDLE_IDENTIFIER = lucas.com.Exercicio2UITests;
				PRODUCT_NAME = "$(TARGET_NAME)";
				SWIFT_EMIT_LOC_STRINGS = NO;
				TARGETED_DEVICE_FAMILY = "1,2";
				TEST_TARGET_NAME = Exercicio2;
			};
			name = Release;
		};
/* End XCBuildConfiguration section */

/* Begin XCConfigurationList section */
		76B6A28C2FBCCF7B00301E4D /* Build configuration list for PBXProject "Exercicio2" */ = {
			isa = XCConfigurationList;
			buildConfigurations = (
				76B6A2C22FBCCF7D00301E4D /* Debug */,
				76B6A2C32FBCCF7D00301E4D /* Release */,
			);
			defaultConfigurationIsVisible = 0;
			defaultConfigurationName = Release;
		};
		76B6A2BF2FBCCF7D00301E4D /* Build configuration list for PBXNativeTarget "Exercicio2" */ = {
			isa = XCConfigurationList;
			buildConfigurations = (
				76B6A2C02FBCCF7D00301E4D /* Debug */,
				76B6A2C12FBCCF7D00301E4D /* Release */,
			);
			defaultConfigurationIsVisible = 0;
			defaultConfigurationName = Release;
		};
		76B6A2C42FBCCF7D00301E4D /* Build configuration list for PBXNativeTarget "Exercicio2Tests" */ = {
			isa = XCConfigurationList;
			buildConfigurations = (
				76B6A2C52FBCCF7D00301E4D /* Debug */,
				76B6A2C62FBCCF7D00301E4D /* Release */,
			);
			defaultConfigurationIsVisible = 0;
			defaultConfigurationName = Release;
		};
		76B6A2C72FBCCF7D00301E4D /* Build configuration list for PBXNativeTarget "Exercicio2UITests" */ = {
			isa = XCConfigurationList;
			buildConfigurations = (
				76B6A2C82FBCCF7D00301E4D /* Debug */,
				76B6A2C92FBCCF7D00301E4D /* Release */,
			);
			defaultConfigurationIsVisible = 0;
			defaultConfigurationName = Release;
		};
/* End XCConfigurationList section */
	};
	rootObject = 76B6A2892FBCCF7B00301E4D /* Project object */;
}
